{
  "name": "devfu-npm-private-proxy-registry-auth",
  "version": "1.0.0",
  "lockfileVersion": 1,
  "requires": true,
  "dependencies": {
    "is-number": {
      "version": "1.1.2",
      "resolved": "http://localhost:8081/repository/npm/is-number/-/is-number-1.1.2.tgz",
      "integrity": "sha1-nYJAnzqKi+7PJJsbx9raSYKZZuQ="
    }
  }
}
